
Microsoft Visual Studio Solution File, Format Version 11.00
# Visual Studio 2010
Project("{FAE04EC0-301F-11D3-BF4B-00C04F79EFBC}") = "BouncingBox", "BouncingBox\BouncingBox.csproj", "{ACD4A46F-CE2E-457D-BF1C-61EB3B773727}"
EndProject
Global
	GlobalSection(SolutionConfigurationPlatforms) = preSolution
		Debug|iPhoneSimulator = Debug|iPhoneSimulator
		Release|iPhoneSimulator = Release|iPhoneSimulator
		Debug|iPhone = Debug|iPhone
		Release|iPhone = Release|iPhone
		Ad-Hoc|iPhone = Ad-Hoc|iPhone
		AppStore|iPhone = AppStore|iPhone
	EndGlobalSection
	GlobalSection(ProjectConfigurationPlatforms) = postSolution
		{ACD4A46F-CE2E-457D-BF1C-61EB3B773727}.Ad-Hoc|iPhone.ActiveCfg = Ad-Hoc|iPhone
		{ACD4A46F-CE2E-457D-BF1C-61EB3B773727}.Ad-Hoc|iPhone.Build.0 = Ad-Hoc|iPhone
		{ACD4A46F-CE2E-457D-BF1C-61EB3B773727}.AppStore|iPhone.ActiveCfg = AppStore|iPhone
		{ACD4A46F-CE2E-457D-BF1C-61EB3B773727}.AppStore|iPhone.Build.0 = AppStore|iPhone
		{ACD4A46F-CE2E-457D-BF1C-61EB3B773727}.Debug|iPhone.ActiveCfg = Debug|iPhone
		{ACD4A46F-CE2E-457D-BF1C-61EB3B773727}.Debug|iPhone.Build.0 = Debug|iPhone
		{ACD4A46F-CE2E-457D-BF1C-61EB3B773727}.Debug|iPhoneSimulator.ActiveCfg = Debug|iPhoneSimulator
		{ACD4A46F-CE2E-457D-BF1C-61EB3B773727}.Debug|iPhoneSimulator.Build.0 = Debug|iPhoneSimulator
		{ACD4A46F-CE2E-457D-BF1C-61EB3B773727}.Release|iPhone.ActiveCfg = Release|iPhone
		{ACD4A46F-CE2E-457D-BF1C-61EB3B773727}.Release|iPhone.Build.0 = Release|iPhone
		{ACD4A46F-CE2E-457D-BF1C-61EB3B773727}.Release|iPhoneSimulator.ActiveCfg = Release|iPhoneSimulator
		{ACD4A46F-CE2E-457D-BF1C-61EB3B773727}.Release|iPhoneSimulator.Build.0 = Release|iPhoneSimulator
	EndGlobalSection
	GlobalSection(MonoDevelopProperties) = preSolution
		StartupItem = BouncingBox\BouncingBox.csproj
	EndGlobalSection
EndGlobal
